// !$*UTF8*$!
{
	archiveVersion = 1;
	classes = {
	};
	objectVersion = 50;
	objects = {

/* Begin PBXBuildFile section */
		B13B147D21D52DBA0001B78C /* DetailViewController.swift in Sources */ = {isa = PBXBuildFile; fileRef = B13B147C21D52DBA0001B78C /* DetailViewController.swift */; };
		B13B147F21D52DDA0001B78C /* Course.swift in Sources */ = {isa = PBXBuildFile; fileRef = B13B147E21D52DDA0001B78C /* Course.swift */; };
		B13B148321D52F350001B78C /* CourseStore.swift in Sources */ = {isa = PBXBuildFile; fileRef = B13B148221D52F350001B78C /* CourseStore.swift */; };
		B14E9E7B21CA12A50088C7F1 /* AppDelegate.swift in Sources */ = {isa = PBXBuildFile; fileRef = B14E9E7A21CA12A50088C7F1 /* AppDelegate.swift */; };
		B14E9E7D21CA12A50088C7F1 /* CoursesViewController.swift in Sources */ = {isa = PBXBuildFile; fileRef = B14E9E7C21CA12A50088C7F1 /* CoursesViewController.swift */; };
		B14E9E8021CA12A50088C7F1 /* Main.storyboard in Resources */ = {isa = PBXBuildFile; fileRef = B14E9E7E21CA12A50088C7F1 /* Main.storyboard */; };
		B14E9E8221CA12A60088C7F1 /* Assets.xcassets in Resources */ = {isa = PBXBuildFile; fileRef = B14E9E8121CA12A60088C7F1 /* Assets.xcassets */; };
		B14E9E8521CA12A60088C7F1 /* LaunchScreen.storyboard in Resources */ = {isa = PBXBuildFile; fileRef = B14E9E8321CA12A60088C7F1 /* LaunchScreen.storyboard */; };
/* End PBXBuildFile section */

/* Begin PBXFileReference section */
		B13B147C21D52DBA0001B78C /* DetailViewController.swift */ = {isa = PBXFileReference; lastKnownFileType = sourcecode.swift; path = DetailViewController.swift; sourceTree = "<group>"; };
		B13B147E21D52DDA0001B78C /* Course.swift */ = {isa = PBXFileReference; lastKnownFileType = sourcecode.swift; path = Course.swift; sourceTree = "<group>"; };
		B13B148221D52F350001B78C /* CourseStore.swift */ = {isa = PBXFileReference; fileEncoding = 4; lastKnownFileType = sourcecode.swift; name = CourseStore.swift; path = ../../WallieCourses/WallieCourses/Model/CourseStore.swift; sourceTree = "<group>"; };
		B14E9E7721CA12A50088C7F1 /* Online Video Courses.app */ = {isa = PBXFileReference; explicitFileType = wrapper.application; includeInIndex = 0; path = "Online Video Courses.app"; sourceTree = BUILT_PRODUCTS_DIR; };
		B14E9E7A21CA12A50088C7F1 /* AppDelegate.swift */ = {isa = PBXFileReference; lastKnownFileType = sourcecode.swift; path = AppDelegate.swift; sourceTree = "<group>"; };
		B14E9E7C21CA12A50088C7F1 /* CoursesViewController.swift */ = {isa = PBXFileReference; lastKnownFileType = sourcecode.swift; path = CoursesViewController.swift; sourceTree = "<group>"; };
		B14E9E7F21CA12A50088C7F1 /* Base */ = {isa = PBXFileReference; lastKnownFileType = file.storyboard; name = Base; path = Base.lproj/Main.storyboard; sourceTree = "<group>"; };
		B14E9E8121CA12A60088C7F1 /* Assets.xcassets */ = {isa = PBXFileReference; lastKnownFileType = folder.assetcatalog; path = Assets.xcassets; sourceTree = "<group>"; };
		B14E9E8421CA12A60088C7F1 /* Base */ = {isa = PBXFileReference; lastKnownFileType = file.storyboard; name = Base; path = Base.lproj/LaunchScreen.storyboard; sourceTree = "<group>"; };
		B14E9E8621CA12A60088C7F1 /* Info.plist */ = {isa = PBXFileReference; lastKnownFileType = text.plist.xml; path = Info.plist; sourceTree = "<group>"; };
/* End PBXFileReference section */

/* Begin PBXFrameworksBuildPhase section */
		B14E9E7421CA12A50088C7F1 /* Frameworks */ = {
			isa = PBXFrameworksBuildPhase;
			buildActionMask = 2147483647;
			files = (
			);
			runOnlyForDeploymentPostprocessing = 0;
		};
/* End PBXFrameworksBuildPhase section */

/* Begin PBXGroup section */
		B13B148421D52FAC0001B78C /* Model */ = {
			isa = PBXGroup;
			children = (
				B13B147E21D52DDA0001B78C /* Course.swift */,
			);
			path = Model;
			sourceTree = "<group>";
		};
		B13B148621D52FCA0001B78C /* View */ = {
			isa = PBXGroup;
			children = (
				B14E9E7E21CA12A50088C7F1 /* Main.storyboard */,
			);
			path = View;
			sourceTree = "<group>";
		};
		B13B148721D52FD20001B78C /* Controller */ = {
			isa = PBXGroup;
			children = (
				B14E9E7C21CA12A50088C7F1 /* CoursesViewController.swift */,
				B13B147C21D52DBA0001B78C /* DetailViewController.swift */,
			);
			path = Controller;
			sourceTree = "<group>";
		};
		B14E9E6E21CA12A50088C7F1 = {
			isa = PBXGroup;
			children = (
				B14E9E7921CA12A50088C7F1 /* Online Video Courses */,
				B14E9E7821CA12A50088C7F1 /* Products */,
			);
			sourceTree = "<group>";
		};
		B14E9E7821CA12A50088C7F1 /* Products */ = {
			isa = PBXGroup;
			children = (
				B14E9E7721CA12A50088C7F1 /* Online Video Courses.app */,
			);
			name = Products;
			sourceTree = "<group>";
		};
		B14E9E7921CA12A50088C7F1 /* Online Video Courses */ = {
			isa = PBXGroup;
			children = (
				B14E9E7A21CA12A50088C7F1 /* AppDelegate.swift */,
				B13B148721D52FD20001B78C /* Controller */,
				B13B148421D52FAC0001B78C /* Model */,
				B13B148221D52F350001B78C /* CourseStore.swift */,
				B13B148621D52FCA0001B78C /* View */,
				B14E9E8121CA12A60088C7F1 /* Assets.xcassets */,
				B14E9E8321CA12A60088C7F1 /* LaunchScreen.storyboard */,
				B14E9E8621CA12A60088C7F1 /* Info.plist */,
			);
			path = "Online Video Courses";
			sourceTree = "<group>";
		};
/* End PBXGroup section */

/* Begin PBXNativeTarget section */
		B14E9E7621CA12A50088C7F1 /* Online Video Courses */ = {
			isa = PBXNativeTarget;
			buildConfigurationList = B14E9E8921CA12A70088C7F1 /* Build configuration list for PBXNativeTarget "Online Video Courses" */;
			buildPhases = (
				B14E9E7321CA12A50088C7F1 /* Sources */,
				B14E9E7421CA12A50088C7F1 /* Frameworks */,
				B14E9E7521CA12A50088C7F1 /* Resources */,
			);
			buildRules = (
			);
			dependencies = (
			);
			name = "Online Video Courses";
			productName = "Online Video Courses";
			productReference = B14E9E7721CA12A50088C7F1 /* Online Video Courses.app */;
			productType = "com.apple.product-type.application";
		};
/* End PBXNativeTarget section */

/* Begin PBXProject section */
		B14E9E6F21CA12A50088C7F1 /* Project object */ = {
			isa = PBXProject;
			attributes = {
				LastSwiftUpdateCheck = 1010;
				LastUpgradeCheck = 1010;
				ORGANIZATIONNAME = "Rishabh Raj";
				TargetAttributes = {
					B14E9E7621CA12A50088C7F1 = {
						CreatedOnToolsVersion = 10.1;
					};
				};
			};
			buildConfigurationList = B14E9E7221CA12A50088C7F1 /* Build configuration list for PBXProject "Online Video Courses" */;
			compatibilityVersion = "Xcode 9.3";
			developmentRegion = en;
			hasScannedForEncodings = 0;
			knownRegions = (
				en,
				Base,
			);
			mainGroup = B14E9E6E21CA12A50088C7F1;
			productRefGroup = B14E9E7821CA12A50088C7F1 /* Products */;
			projectDirPath = "";
			projectRoot = "";
			targets = (
				B14E9E7621CA12A50088C7F1 /* Online Video Courses */,
			);
		};
/* End PBXProject section */

/* Begin PBXResourcesBuildPhase section */
		B14E9E7521CA12A50088C7F1 /* Resources */ = {
			isa = PBXResourcesBuildPhase;
			buildActionMask = 2147483647;
			files = (
				B14E9E8521CA12A60088C7F1 /* LaunchScreen.storyboard in Resources */,
				B14E9E8221CA12A60088C7F1 /* Assets.xcassets in Resources */,
				B14E9E8021CA12A50088C7F1 /* Main.storyboard in Resources */,
			);
			runOnlyForDeploymentPostprocessing = 0;
		};
/* End PBXResourcesBuildPhase section */

/* Begin PBXSourcesBuildPhase section */
		B14E9E7321CA12A50088C7F1 /* Sources */ = {
			isa = PBXSourcesBuildPhase;
			buildActionMask = 2147483647;
			files = (
				B13B148321D52F350001B78C /* CourseStore.swift in Sources */,
				B13B147F21D52DDA0001B78C /* Course.swift in Sources */,
				B13B147D21D52DBA0001B78C /* DetailViewController.swift in Sources */,
				B14E9E7D21CA12A50088C7F1 /* CoursesViewController.swift in Sources */,
				B14E9E7B21CA12A50088C7F1 /* AppDelegate.swift in Sources */,
			);
			runOnlyForDeploymentPostprocessing = 0;
		};
/* End PBXSourcesBuildPhase section */

/* Begin PBXVariantGroup section */
		B14E9E7E21CA12A50088C7F1 /* Main.storyboard */ = {
			isa = PBXVariantGroup;
			children = (
				B14E9E7F21CA12A50088C7F1 /* Base */,
			);
			name = Main.storyboard;
			sourceTree = "<group>";
		};
		B14E9E8321CA12A60088C7F1 /* LaunchScreen.storyboard */ = {
			isa = PBXVariantGroup;
			children = (
				B14E9E8421CA12A60088C7F1 /* Base */,
			);
			name = LaunchScreen.storyboard;
			sourceTree = "<group>";
		};
/* End PBXVariantGroup section */

/* Begin XCBuildConfiguration section */
		B14E9E8721CA12A60088C7F1 /* Debug */ = {
			isa = XCBuildConfiguration;
			buildSettings = {
				ALWAYS_SEARCH_USER_PATHS = NO;
				CLANG_ANALYZER_NONNULL = YES;
				CLANG_ANALYZER_NUMBER_OBJECT_CONVERSION = YES_AGGRESSIVE;
				CLANG_CXX_LANGUAGE_STANDARD = "gnu++14";
				CLANG_CXX_LIBRARY = "libc++";
				CLANG_ENABLE_MODULES = YES;
				CLANG_ENABLE_OBJC_ARC = YES;
				CLANG_ENABLE_OBJC_WEAK = YES;
				CLANG_WARN_BLOCK_CAPTURE_AUTORELEASING = YES;
				CLANG_WARN_BOOL_CONVERSION = YES;
				CLANG_WARN_COMMA = YES;
				CLANG_WARN_CONSTANT_CONVERSION = YES;
				CLANG_WARN_DEPRECATED_OBJC_IMPLEMENTATIONS = YES;
				CLANG_WARN_DIRECT_OBJC_ISA_USAGE = YES_ERROR;
				CLANG_WARN_DOCUMENTATION_COMMENTS = YES;
				CLANG_WARN_EMPTY_BODY = YES;
				CLANG_WARN_ENUM_CONVERSION = YES;
				CLANG_WARN_INFINITE_RECURSION = YES;
				CLANG_WARN_INT_CONVERSION = YES;
				CLANG_WARN_NON_LITERAL_NULL_CONVERSION = YES;
				CLANG_WARN_OBJC_IMPLICIT_RETAIN_SELF = YES;
				CLANG_WARN_OBJC_LITERAL_CONVERSION = YES;
				CLANG_WARN_OBJC_ROOT_CLASS = YES_ERROR;
				CLANG_WARN_RANGE_LOOP_ANALYSIS = YES;
				CLANG_WARN_STRICT_PROTOTYPES = YES;
				CLANG_WARN_SUSPICIOUS_MOVE = YES;
				CLANG_WARN_UNGUARDED_AVAILABILITY = YES_AGGRESSIVE;
				CLANG_WARN_UNREACHABLE_CODE = YES;
				CLANG_WARN__DUPLICATE_METHOD_MATCH = YES;
				CODE_SIGN_IDENTITY = "iPhone Developer";
				COPY_PHASE_STRIP = NO;
				DEBUG_INFORMATION_FORMAT = dwarf;
				ENABLE_STRICT_OBJC_MSGSEND = YES;
				ENABLE_TESTABILITY = YES;
				GCC_C_LANGUAGE_STANDARD = gnu11;
				GCC_DYNAMIC_NO_PIC = NO;
				GCC_NO_COMMON_BLOCKS = YES;
				GCC_OPTIMIZATION_LEVEL = 0;
				GCC_PREPROCESSOR_DEFINITIONS = (
					"DEBUG=1",
					"$(inherited)",
				);
				GCC_WARN_64_TO_32_BIT_CONVERSION = YES;
				GCC_WARN_ABOUT_RETURN_TYPE = YES_ERROR;
				GCC_WARN_UNDECLARED_SELECTOR = YES;
				GCC_WARN_UNINITIALIZED_AUTOS = YES_AGGRESSIVE;
				GCC_WARN_UNUSED_FUNCTION = YES;
				GCC_WARN_UNUSED_VARIABLE = YES;
				IPHONEOS_DEPLOYMENT_TARGET = 12.1;
				MTL_ENABLE_DEBUG_INFO = INCLUDE_SOURCE;
				MTL_FAST_MATH = YES;
				ONLY_ACTIVE_ARCH = YES;
				SDKROOT = iphoneos;
				SWIFT_ACTIVE_COMPILATION_CONDITIONS = DEBUG;
				SWIFT_OPTIMIZATION_LEVEL = "-Onone";
			};
			name = Debug;
		};
		B14E9E8821CA12A70088C7F1 /* Release */ = {
			isa = XCBuildConfiguration;
			buildSettings = {
				ALWAYS_SEARCH_USER_PATHS = NO;
				CLANG_ANALYZER_NONNULL = YES;
				CLANG_ANALYZER_NUMBER_OBJECT_CONVERSION = YES_AGGRESSIVE;
				CLANG_CXX_LANGUAGE_STANDARD = "gnu++14";
				CLANG_CXX_LIBRARY = "libc++";
				CLANG_ENABLE_MODULES = YES;
				CLANG_ENABLE_OBJC_ARC = YES;
				CLANG_ENABLE_OBJC_WEAK = YES;
				CLANG_WARN_BLOCK_CAPTURE_AUTORELEASING = YES;
				CLANG_WARN_BOOL_CONVERSION = YES;
				CLANG_WARN_COMMA = YES;
				CLANG_WARN_CONSTANT_CONVERSION = YES;
				CLANG_WARN_DEPRECATED_OBJC_IMPLEMENTATIONS = YES;
				CLANG_WARN_DIRECT_OBJC_ISA_USAGE = YES_ERROR;
				CLANG_WARN_DOCUMENTATION_COMMENTS = YES;
				CLANG_WARN_EMPTY_BODY = YES;
				CLANG_WARN_ENUM_CONVERSION = YES;
				CLANG_WARN_INFINITE_RECURSION = YES;
				CLANG_WARN_INT_CONVERSION = YES;
				CLANG_WARN_NON_LITERAL_NULL_CONVERSION = YES;
				CLANG_WARN_OBJC_IMPLICIT_RETAIN_SELF = YES;
				CLANG_WARN_OBJC_LITERAL_CONVERSION = YES;
				CLANG_WARN_OBJC_ROOT_CLASS = YES_ERROR;
				CLANG_WARN_RANGE_LOOP_ANALYSIS = YES;
				CLANG_WARN_STRICT_PROTOTYPES = YES;
				CLANG_WARN_SUSPICIOUS_MOVE = YES;
				CLANG_WARN_UNGUARDED_AVAILABILITY = YES_AGGRESSIVE;
				CLANG_WARN_UNREACHABLE_CODE = YES;
				CLANG_WARN__DUPLICATE_METHOD_MATCH = YES;
				CODE_SIGN_IDENTITY = "iPhone Developer";
				COPY_PHASE_STRIP = NO;
				DEBUG_INFORMATION_FORMAT = "dwarf-with-dsym";
				ENABLE_NS_ASSERTIONS = NO;
				ENABLE_STRICT_OBJC_MSGSEND = YES;
				GCC_C_LANGUAGE_STANDARD = gnu11;
				GCC_NO_COMMON_BLOCKS = YES;
				GCC_WARN_64_TO_32_BIT_CONVERSION = YES;
				GCC_WARN_ABOUT_RETURN_TYPE = YES_ERROR;
				GCC_WARN_UNDECLARED_SELECTOR = YES;
				GCC_WARN_UNINITIALIZED_AUTOS = YES_AGGRESSIVE;
				GCC_WARN_UNUSED_FUNCTION = YES;
				GCC_WARN_UNUSED_VARIABLE = YES;
				IPHONEOS_DEPLOYMENT_TARGET = 12.1;
				MTL_ENABLE_DEBUG_INFO = NO;
				MTL_FAST_MATH = YES;
				SDKROOT = iphoneos;
				SWIFT_COMPILATION_MODE = wholemodule;
				SWIFT_OPTIMIZATION_LEVEL = "-O";
				VALIDATE_PRODUCT = YES;
			};
			name = Release;
		};
		B14E9E8A21CA12A70088C7F1 /* Debug */ = {
			isa = XCBuildConfiguration;
			buildSettings = {
				ASSETCATALOG_COMPILER_APPICON_NAME = AppIcon;
				CODE_SIGN_STYLE = Automatic;
				DEVELOPMENT_TEAM = 6J7Z474QUR;
				INFOPLIST_FILE = "Online Video Courses/Info.plist";
				LD_RUNPATH_SEARCH_PATHS = (
					"$(inherited)",
					"@executable_path/Frameworks",
				);
				PRODUCT_BUNDLE_IDENTIFIER = "com.rish-studio.Online-Video-Courses";
				PRODUCT_NAME = "$(TARGET_NAME)";
				SWIFT_VERSION = 4.2;
				TARGETED_DEVICE_FAMILY = "1,2";
			};
			name = Debug;
		};
		B14E9E8B21CA12A70088C7F1 /* Release */ = {
			isa = XCBuildConfiguration;
			buildSettings = {
				ASSETCATALOG_COMPILER_APPICON_NAME = AppIcon;
				CODE_SIGN_STYLE = Automatic;
				DEVELOPMENT_TEAM = 6J7Z474QUR;
				INFOPLIST_FILE = "Online Video Courses/Info.plist";
				LD_RUNPATH_SEARCH_PATHS = (
					"$(inherited)",
					"@executable_path/Frameworks",
				);
				PRODUCT_BUNDLE_IDENTIFIER = "com.rish-studio.Online-Video-Courses";
				PRODUCT_NAME = "$(TARGET_NAME)";
				SWIFT_VERSION = 4.2;
				TARGETED_DEVICE_FAMILY = "1,2";
			};
			name = Release;
		};
/* End XCBuildConfiguration section */

/* Begin XCConfigurationList section */
		B14E9E7221CA12A50088C7F1 /* Build configuration list for PBXProject "Online Video Courses" */ = {
			isa = XCConfigurationList;
			buildConfigurations = (
				B14E9E8721CA12A60088C7F1 /* Debug */,
				B14E9E8821CA12A70088C7F1 /* Release */,
			);
			defaultConfigurationIsVisible = 0;
			defaultConfigurationName = Release;
		};
		B14E9E8921CA12A70088C7F1 /* Build configuration list for PBXNativeTarget "Online Video Courses" */ = {
			isa = XCConfigurationList;
			buildConfigurations = (
				B14E9E8A21CA12A70088C7F1 /* Debug */,
				B14E9E8B21CA12A70088C7F1 /* Release */,
			);
			defaultConfigurationIsVisible = 0;
			defaultConfigurationName = Release;
		};
/* End XCConfigurationList section */
	};
	rootObject = B14E9E6F21CA12A50088C7F1 /* Project object */;
}
